
Microsoft Visual Studio Solution File, Format Version 12.00
# Visual Studio Version 16
VisualStudioVersion = 16.0.29215.179
MinimumVisualStudioVersion = 10.0.40219.1
Project("{FAE04EC0-301F-11D3-BF4B-00C04F79EFBC}") = "MiniPlayerWpf", "MiniPlayerWpf\MiniPlayerWpf.csproj", "{F7ECAA08-1D74-4731-897C-194039A08512}"
EndProject
Project("{FAE04EC0-301F-11D3-BF4B-00C04F79EFBC}") = "MusicTest", "MusicTest\MusicTest.csproj", "{A361BA4F-1531-47A8-88F8-EEA3ADAFA25A}"
EndProject
Global
	GlobalSection(SolutionConfigurationPlatforms) = preSolution
		Debug|Any CPU = Debug|Any CPU
		Release|Any CPU = Release|Any CPU
	EndGlobalSection
	GlobalSection(ProjectConfigurationPlatforms) = postSolution
		{F7ECAA08-1D74-4731-897C-194039A08512}.Debug|Any CPU.ActiveCfg = Debug|Any CPU
		{F7ECAA08-1D74-4731-897C-194039A08512}.Debug|Any CPU.Build.0 = Debug|Any CPU
		{F7ECAA08-1D74-4731-897C-194039A08512}.Release|Any CPU.ActiveCfg = Release|Any CPU
		{F7ECAA08-1D74-4731-897C-194039A08512}.Release|Any CPU.Build.0 = Release|Any CPU
		{A361BA4F-1531-47A8-88F8-EEA3ADAFA25A}.Debug|Any CPU.ActiveCfg = Debug|Any CPU
		{A361BA4F-1531-47A8-88F8-EEA3ADAFA25A}.Debug|Any CPU.Build.0 = Debug|Any CPU
		{A361BA4F-1531-47A8-88F8-EEA3ADAFA25A}.Release|Any CPU.ActiveCfg = Release|Any CPU
		{A361BA4F-1531-47A8-88F8-EEA3ADAFA25A}.Release|Any CPU.Build.0 = Release|Any CPU
	EndGlobalSection
	GlobalSection(SolutionProperties) = preSolution
		HideSolutionNode = FALSE
	EndGlobalSection
	GlobalSection(ExtensibilityGlobals) = postSolution
		SolutionGuid = {21BAFF6E-A3AD-4BD4-8416-BDB354C01CA9}
	EndGlobalSection
EndGlobal
